
Microsoft Visual Studio Solution File, Format Version 12.00
# Visual Studio Version 16
VisualStudioVersion = 16.0.31402.337
MinimumVisualStudioVersion = 10.0.40219.1
Project("{8BC9CEB8-8B4A-11D0-8D11-00A0C91BC942}") = "blipvert", "blipvert\blipvert.vcxproj", "{7A0AC41A-8FCC-4F95-8F58-5C2382D73A60}"
EndProject
Project("{8BC9CEB8-8B4A-11D0-8D11-00A0C91BC942}") = "BlipvertUnitTests", "UnitTests\UnitTests.vcxproj", "{B8F52108-C451-4464-A360-F756F0418A62}"
EndProject
Project("{8BC9CEB8-8B4A-11D0-8D11-00A0C91BC942}") = "TransformSpeedTests", "TransformSpeedTests\TransformSpeedTests.vcxproj", "{972AA584-5B01-4C97-B150-E9A5253781FB}"
EndProject
Global
	GlobalSection(SolutionConfigurationPlatforms) = preSolution
		Debug|x64 = Debug|x64
		Debug|x86 = Debug|x86
		Release|x64 = Release|x64
		Release|x86 = Release|x86
	EndGlobalSection
	GlobalSection(ProjectConfigurationPlatforms) = postSolution
		{7A0AC41A-8FCC-4F95-8F58-5C2382D73A60}.Debug|x64.ActiveCfg = Debug|x64
		{7A0AC41A-8FCC-4F95-8F58-5C2382D73A60}.Debug|x64.Build.0 = Debug|x64
		{7A0AC41A-8FCC-4F95-8F58-5C2382D73A60}.Debug|x86.ActiveCfg = Debug|Win32
		{7A0AC41A-8FCC-4F95-8F58-5C2382D73A60}.Debug|x86.Build.0 = Debug|Win32
		{7A0AC41A-8FCC-4F95-8F58-5C2382D73A60}.Release|x64.ActiveCfg = Release|x64
		{7A0AC41A-8FCC-4F95-8F58-5C2382D73A60}.Release|x64.Build.0 = Release|x64
		{7A0AC41A-8FCC-4F95-8F58-5C2382D73A60}.Release|x86.ActiveCfg = Release|Win32
		{7A0AC41A-8FCC-4F95-8F58-5C2382D73A60}.Release|x86.Build.0 = Release|Win32
		{B8F52108-C451-4464-A360-F756F0418A62}.Debug|x64.ActiveCfg = Debug|x64
		{B8F52108-C451-4464-A360-F756F0418A62}.Debug|x64.Build.0 = Debug|x64
		{B8F52108-C451-4464-A360-F756F0418A62}.Debug|x86.ActiveCfg = Debug|Win32
		{B8F52108-C451-4464-A360-F756F0418A62}.Debug|x86.Build.0 = Debug|Win32
		{B8F52108-C451-4464-A360-F756F0418A62}.Release|x64.ActiveCfg = Release|x64
		{B8F52108-C451-4464-A360-F756F0418A62}.Release|x64.Build.0 = Release|x64
		{B8F52108-C451-4464-A360-F756F0418A62}.Release|x86.ActiveCfg = Release|Win32
		{B8F52108-C451-4464-A360-F756F0418A62}.Release|x86.Build.0 = Release|Win32
		{972AA584-5B01-4C97-B150-E9A5253781FB}.Debug|x64.ActiveCfg = Debug|x64
		{972AA584-5B01-4C97-B150-E9A5253781FB}.Debug|x64.Build.0 = Debug|x64
		{972AA584-5B01-4C97-B150-E9A5253781FB}.Debug|x86.ActiveCfg = Debug|Win32
		{972AA584-5B01-4C97-B150-E9A5253781FB}.Debug|x86.Build.0 = Debug|Win32
		{972AA584-5B01-4C97-B150-E9A5253781FB}.Release|x64.ActiveCfg = Release|x64
		{972AA584-5B01-4C97-B150-E9A5253781FB}.Release|x64.Build.0 = Release|x64
		{972AA584-5B01-4C97-B150-E9A5253781FB}.Release|x86.ActiveCfg = Release|Win32
		{972AA584-5B01-4C97-B150-E9A5253781FB}.Release|x86.Build.0 = Release|Win32
	EndGlobalSection
	GlobalSection(SolutionProperties) = preSolution
		HideSolutionNode = FALSE
	EndGlobalSection
	GlobalSection(ExtensibilityGlobals) = postSolution
		SolutionGuid = {A3AB3BCD-F767-4E7A-AC29-CDA6E573D960}
	EndGlobalSection
EndGlobal
